dplyr==1.2.1
tidyr==1.3.2
readr==2.2.0
knitr==1.52
quarto==1.5.1
DT==0.34.0
bibtex==0.5.3
ellmer==0.5.0
jsonlite==2.0.0
xml2==1.6.0
curl==8.0.0
httr2==1.3.0
rvest==1.0.5
rappdirs==0.3.4
tidytext==0.4.3
statcheck==1.5.0
base64enc==0.1.6
gitcreds==0.1.2
roxygen2==8.1.0
jpeg==0.1.11
progress==1.2.3
yaml==2.3.12
haven==2.5.5
readxl==1.5.0.1
readODS==2.3.6
openxlsx==4.2.9
data.table==1.18.6.1
pdftools==3.9.1
SnowballC==0.7.1
callr==3.7.6
processx==3.9.0
digest==0.6.39
zip==3.0.2
DBI==1.3.0
RSQLite==3.53.3
officer==0.7.6
tokenizers==0.3.0
stringr==1.6.0
stringi==1.8.9
janeaustenr==1.0.0
vctrs==0.7.3
rlang==1.3.0
tibble==3.3.1
purrr==1.2.2
xfun==0.60
psych==2.6.3
httptest2==github:nealrichardson/httptest2@37efe13ff4c51504570c5e6ac2d93fff71a416a2
