{"SurveyEntry": {"SurveyName": "edge"}, "SurveyElements": [null, {"Element": "BL", "Payload": []}, {"Element": "SQ", "Payload": {"DataExportTag": "M1", "QuestionType": ["Matrix"], "Selector": "Likert", "QuestionText": [null, "ignored"], "Choices": {"1": {"Display": "Item <b>one</b>"}, "2": {"DisplayLogic": {"0": {"x": 1, "y": "z"}}}, "": {"Display": "blank key"}, "3": {"Display": {"a": [true, 2]}}}, "Answers": {"1": {"Display": "Disagree"}, "2": {"Display": "Agree &amp;lt;3"}}, "ChoiceDataExportTags": {"1": "M1_a", "2": 5, "3": ["x"]}}}, {"Element": "SQ", "Payload": {"DataExportTag": 42, "QuestionType": "MC", "Selector": "MAVR", "QuestionText": [["nested", 1]], "Choices": {"1": {"Display": "A"}, "4": {"display": "lower-case display"}}, "ChoiceDataExportTags": false}}, {"Element": "SQ", "Payload": {"DataExportTag": ["Q7"], "QuestionType": "MC", "Selector": "SAVR", "QuestionText": {"t": "Object text"}, "Choices": [{"Display": "array choice"}]}}, {"Element": "SQ", "Payload": {"DataExportTag": null, "QuestionID": "QID9", "QuestionType": "Matrix", "QuestionText": "Matrix with array choices", "Choices": [{"Display": "x"}]}}, {"Element": "SQ", "Payload": {"DataExportTag": "TE", "QuestionType": "TE", "QuestionText": 12.5, "Choices": {}}}]}