{"SurveyElements": [{"Element": "SQ", "Payload": {"DataExportTag": "Q1", "QuestionText": "<p>Hi?</p>", "QuestionType": "TE"}}, {"Element": "SQ", "Payload": {"DataExportTag": " ", "QuestionID": "QID2"}}, {"Element": "SQ", "Payload": {"QuestionID": "QID3", "QuestionType": "MC", "Selector": "SAVR", "QuestionText": "Pick", "Choices": {"1": {"Display": "Yes"}, "2": {"Display": "N/A"}}}}]}